
Microsoft Visual Studio Solution File, Format Version 12.00
# Visual Studio Version 17
VisualStudioVersion = 17.2.32630.192
MinimumVisualStudioVersion = 10.0.40219.1
Project("{9A19103F-16F7-4668-BE54-9A1E7A4F7556}") = "abstract classes", "abstract classes\abstract classes.csproj", "{C7274B42-C1DC-44E6-BA23-D68F20E9EADA}"
EndProject
Project("{9A19103F-16F7-4668-BE54-9A1E7A4F7556}") = "simple oop exmaple", "simple oop exmaple\simple oop exmaple.csproj", "{59D0FB43-F433-43DA-8D8A-772244ECB286}"
EndProject
Project("{FAE04EC0-301F-11D3-BF4B-00C04F79EFBC}") = "interfaces", "interfaces\interfaces.csproj", "{9491970B-89E9-4D74-9B75-D17D975AF3D9}"
EndProject
Project("{FAE04EC0-301F-11D3-BF4B-00C04F79EFBC}") = "Inheritance", "Inheritance vs Interfaces\Inheritance.csproj", "{91BA4231-F2B3-41B2-86DA-039DADD67841}"
EndProject
Project("{FAE04EC0-301F-11D3-BF4B-00C04F79EFBC}") = "replace Inheritance by Interface", "replace Inheritance by Interface\replace Inheritance by Interface.csproj", "{3B925D8F-B9F0-44EC-A624-8A8F6DD5570D}"
EndProject
Global
	GlobalSection(SolutionConfigurationPlatforms) = preSolution
		Debug|Any CPU = Debug|Any CPU
		Release|Any CPU = Release|Any CPU
	EndGlobalSection
	GlobalSection(ProjectConfigurationPlatforms) = postSolution
		{C7274B42-C1DC-44E6-BA23-D68F20E9EADA}.Debug|Any CPU.ActiveCfg = Debug|Any CPU
		{C7274B42-C1DC-44E6-BA23-D68F20E9EADA}.Debug|Any CPU.Build.0 = Debug|Any CPU
		{C7274B42-C1DC-44E6-BA23-D68F20E9EADA}.Release|Any CPU.ActiveCfg = Release|Any CPU
		{C7274B42-C1DC-44E6-BA23-D68F20E9EADA}.Release|Any CPU.Build.0 = Release|Any CPU
		{59D0FB43-F433-43DA-8D8A-772244ECB286}.Debug|Any CPU.ActiveCfg = Debug|Any CPU
		{59D0FB43-F433-43DA-8D8A-772244ECB286}.Debug|Any CPU.Build.0 = Debug|Any CPU
		{59D0FB43-F433-43DA-8D8A-772244ECB286}.Release|Any CPU.ActiveCfg = Release|Any CPU
		{59D0FB43-F433-43DA-8D8A-772244ECB286}.Release|Any CPU.Build.0 = Release|Any CPU
		{9491970B-89E9-4D74-9B75-D17D975AF3D9}.Debug|Any CPU.ActiveCfg = Debug|Any CPU
		{9491970B-89E9-4D74-9B75-D17D975AF3D9}.Debug|Any CPU.Build.0 = Debug|Any CPU
		{9491970B-89E9-4D74-9B75-D17D975AF3D9}.Release|Any CPU.ActiveCfg = Release|Any CPU
		{9491970B-89E9-4D74-9B75-D17D975AF3D9}.Release|Any CPU.Build.0 = Release|Any CPU
		{91BA4231-F2B3-41B2-86DA-039DADD67841}.Debug|Any CPU.ActiveCfg = Debug|Any CPU
		{91BA4231-F2B3-41B2-86DA-039DADD67841}.Debug|Any CPU.Build.0 = Debug|Any CPU
		{91BA4231-F2B3-41B2-86DA-039DADD67841}.Release|Any CPU.ActiveCfg = Release|Any CPU
		{91BA4231-F2B3-41B2-86DA-039DADD67841}.Release|Any CPU.Build.0 = Release|Any CPU
		{3B925D8F-B9F0-44EC-A624-8A8F6DD5570D}.Debug|Any CPU.ActiveCfg = Debug|Any CPU
		{3B925D8F-B9F0-44EC-A624-8A8F6DD5570D}.Debug|Any CPU.Build.0 = Debug|Any CPU
		{3B925D8F-B9F0-44EC-A624-8A8F6DD5570D}.Release|Any CPU.ActiveCfg = Release|Any CPU
		{3B925D8F-B9F0-44EC-A624-8A8F6DD5570D}.Release|Any CPU.Build.0 = Release|Any CPU
	EndGlobalSection
	GlobalSection(SolutionProperties) = preSolution
		HideSolutionNode = FALSE
	EndGlobalSection
	GlobalSection(ExtensibilityGlobals) = postSolution
		SolutionGuid = {3C758BDD-7302-476F-8ACD-48CF887D7A65}
	EndGlobalSection
EndGlobal
