
Microsoft Visual Studio Solution File, Format Version 12.00
# Visual Studio Version 17
VisualStudioVersion = 17.2.32630.192
MinimumVisualStudioVersion = 10.0.40219.1
Project("{FAE04EC0-301F-11D3-BF4B-00C04F79EFBC}") = "abstract classes", "abstract classes\abstract classes.csproj", "{C7274B42-C1DC-44E6-BA23-D68F20E9EADA}"
EndProject
Project("{FAE04EC0-301F-11D3-BF4B-00C04F79EFBC}") = "simple oop exmaple", "simple oop exmaple\simple oop exmaple.csproj", "{59D0FB43-F433-43DA-8D8A-772244ECB286}"
EndProject
Global
	GlobalSection(SolutionConfigurationPlatforms) = preSolution
		Debug|Any CPU = Debug|Any CPU
		Release|Any CPU = Release|Any CPU
	EndGlobalSection
	GlobalSection(ProjectConfigurationPlatforms) = postSolution
		{C7274B42-C1DC-44E6-BA23-D68F20E9EADA}.Debug|Any CPU.ActiveCfg = Debug|Any CPU
		{C7274B42-C1DC-44E6-BA23-D68F20E9EADA}.Debug|Any CPU.Build.0 = Debug|Any CPU
		{C7274B42-C1DC-44E6-BA23-D68F20E9EADA}.Release|Any CPU.ActiveCfg = Release|Any CPU
		{C7274B42-C1DC-44E6-BA23-D68F20E9EADA}.Release|Any CPU.Build.0 = Release|Any CPU
		{59D0FB43-F433-43DA-8D8A-772244ECB286}.Debug|Any CPU.ActiveCfg = Debug|Any CPU
		{59D0FB43-F433-43DA-8D8A-772244ECB286}.Debug|Any CPU.Build.0 = Debug|Any CPU
		{59D0FB43-F433-43DA-8D8A-772244ECB286}.Release|Any CPU.ActiveCfg = Release|Any CPU
		{59D0FB43-F433-43DA-8D8A-772244ECB286}.Release|Any CPU.Build.0 = Release|Any CPU
	EndGlobalSection
	GlobalSection(SolutionProperties) = preSolution
		HideSolutionNode = FALSE
	EndGlobalSection
	GlobalSection(ExtensibilityGlobals) = postSolution
		SolutionGuid = {3C758BDD-7302-476F-8ACD-48CF887D7A65}
	EndGlobalSection
EndGlobal
